
Microsoft Visual Studio Solution File, Format Version 12.00
# Visual Studio Version 17
VisualStudioVersion = 17.14.37216.2 d17.14
MinimumVisualStudioVersion = 10.0.40219.1
Project("{FAE04EC0-301F-11D3-BF4B-00C04F79EFBC}") = "Sts2CombatLog", "Sts2CombatLog.csproj", "{5394381D-29C6-913E-DED1-7586C70A6F81}"
EndProject
Global
	GlobalSection(SolutionConfigurationPlatforms) = preSolution
		Debug|Any CPU = Debug|Any CPU
		ExportDebug|Any CPU = ExportDebug|Any CPU
		ExportRelease|Any CPU = ExportRelease|Any CPU
	EndGlobalSection
	GlobalSection(ProjectConfigurationPlatforms) = postSolution
		{5394381D-29C6-913E-DED1-7586C70A6F81}.Debug|Any CPU.ActiveCfg = Debug|Any CPU
		{5394381D-29C6-913E-DED1-7586C70A6F81}.Debug|Any CPU.Build.0 = Debug|Any CPU
		{5394381D-29C6-913E-DED1-7586C70A6F81}.ExportDebug|Any CPU.ActiveCfg = ExportDebug|Any CPU
		{5394381D-29C6-913E-DED1-7586C70A6F81}.ExportDebug|Any CPU.Build.0 = ExportDebug|Any CPU
		{5394381D-29C6-913E-DED1-7586C70A6F81}.ExportRelease|Any CPU.ActiveCfg = ExportRelease|Any CPU
		{5394381D-29C6-913E-DED1-7586C70A6F81}.ExportRelease|Any CPU.Build.0 = ExportRelease|Any CPU
	EndGlobalSection
	GlobalSection(SolutionProperties) = preSolution
		HideSolutionNode = FALSE
	EndGlobalSection
	GlobalSection(ExtensibilityGlobals) = postSolution
		SolutionGuid = {4E0980C1-BF72-420C-9D4C-9D7319A10125}
	EndGlobalSection
EndGlobal
